<?xml version="1.0" encoding="utf-8"?>
<Project ToolsVersion="4.0" xmlns="http://schemas.microsoft.com/developer/msbuild/2003">
  <ItemGroup>
    <Filter Include="Source Files">
      <UniqueIdentifier>{4FC737F1-C7A5-4376-A066-2A32D752A2FF}</UniqueIdentifier>
      <Extensions>cpp;c;cc;cxx;def;odl;idl;hpj;bat;asm;asmx</Extensions>
    </Filter>
    <Filter Include="Header Files">
      <UniqueIdentifier>{93995380-89BD-4b04-88EB-625FBE52EBFB}</UniqueIdentifier>
      <Extensions>h;hpp;hxx;hm;inl;inc;xsd</Extensions>
    </Filter>
    <Filter Include="Resource Files">
      <UniqueIdentifier>{67DA6AB6-F800-4c08-8B7A-83BB121AAD01}</UniqueIdentifier>
      <Extensions>rc;ico;cur;bmp;dlg;rc2;rct;bin;rgs;gif;jpg;jpeg;jpe;resx;tiff;tif;png;wav;mfcribbon-ms</Extensions>
    </Filter>
    <Filter Include="Other">
      <UniqueIdentifier>{f7410c59-b9b9-446c-8104-c423882a817c}</UniqueIdentifier>
    </Filter>
    <Filter Include="Header Files\Interfaces">
      <UniqueIdentifier>{a85f4037-c3b5-40c9-9b5f-d5067e3201c1}</UniqueIdentifier>
    </Filter>
    <Filter Include="Header Files\Classes">
      <UniqueIdentifier>{9734b892-9901-45b7-a2f6-5fcf3eccabbc}</UniqueIdentifier>
    </Filter>
    <Filter Include="Resource Files\Shaders">
      <UniqueIdentifier>{316dc4d1-332e-40a9-9832-1686d6289b33}</UniqueIdentifier>
    </Filter>
    <Filter Include="Resource Files\Textures">
      <UniqueIdentifier>{b79ff3f3-88a6-482f-a641-a152413856ce}</UniqueIdentifier>
    </Filter>
  </ItemGroup>
  <ItemGroup>
    <ClCompile Include="Source Files\1 Main.cpp">
      <Filter>Source Files</Filter>
    </ClCompile>
    <ClCompile Include="Source Files\stdafx.cpp">
      <Filter>Source Files</Filter>
    </ClCompile>
    <ClCompile Include="Source Files\CShader.cpp">
      <Filter>Source Files</Filter>
    </ClCompile>
    <ClCompile Include="Source Files\CTransformationPipeline.cpp">
      <Filter>Source Files</Filter>
    </ClCompile>
    <ClCompile Include="Source Files\Math3D.cpp">
      <Filter>Source Files</Filter>
    </ClCompile>
    <ClCompile Include="Source Files\CCamera.cpp">
      <Filter>Source Files</Filter>
    </ClCompile>
    <ClCompile Include="Source Files\CTimer.cpp">
      <Filter>Source Files</Filter>
    </ClCompile>
    <ClCompile Include="Source Files\CTexture.cpp">
      <Filter>Source Files</Filter>
    </ClCompile>
  </ItemGroup>
  <ItemGroup>
    <ClInclude Include="Source Files\targetver.h">
      <Filter>Header Files</Filter>
    </ClInclude>
    <ClInclude Include="Source Files\stdafx.h">
      <Filter>Header Files</Filter>
    </ClInclude>
    <ClInclude Include="Source Files\IControlledStartStop.h">
      <Filter>Header Files\Interfaces</Filter>
    </ClInclude>
    <ClInclude Include="Source Files\Math3D.h">
      <Filter>Header Files</Filter>
    </ClInclude>
    <ClInclude Include="Source Files\CShader.h">
      <Filter>Header Files\Classes</Filter>
    </ClInclude>
    <ClInclude Include="Source Files\CTransformationPipeline.h">
      <Filter>Header Files\Classes</Filter>
    </ClInclude>
    <ClInclude Include="Source Files\CCamera.h">
      <Filter>Header Files\Classes</Filter>
    </ClInclude>
    <ClInclude Include="Source Files\CTimer.h">
      <Filter>Header Files\Classes</Filter>
    </ClInclude>
    <ClInclude Include="Source Files\CTexture.h">
      <Filter>Header Files\Classes</Filter>
    </ClInclude>
  </ItemGroup>
  <ItemGroup>
    <Text Include="Other\Notes.txt">
      <Filter>Other</Filter>
    </Text>
  </ItemGroup>
  <ItemGroup>
    <None Include="Resource Files\Shaders\VertexShader.vert">
      <Filter>Resource Files\Shaders</Filter>
    </None>
    <None Include="Resource Files\Shaders\FragmentShader.frag">
      <Filter>Resource Files\Shaders</Filter>
    </None>
  </ItemGroup>
  <ItemGroup>
    <Image Include="Resource Files\Textures\test.png">
      <Filter>Resource Files\Textures</Filter>
    </Image>
  </ItemGroup>
</Project>